
Microsoft Visual Studio Solution File, Format Version 12.00
# Visual Studio Version 17
VisualStudioVersion = 17.1.32228.430
MinimumVisualStudioVersion = 10.0.40219.1
Project("{FAE04EC0-301F-11D3-BF4B-00C04F79EFBC}") = "PROJEK'", "PROJEK'\PROJEK'.csproj", "{726D985A-8DBC-4FE5-ACD0-68CD5595E8AD}"
EndProject
Global
	GlobalSection(SolutionConfigurationPlatforms) = preSolution
		Debug|Any CPU = Debug|Any CPU
		Release|Any CPU = Release|Any CPU
	EndGlobalSection
	GlobalSection(ProjectConfigurationPlatforms) = postSolution
		{726D985A-8DBC-4FE5-ACD0-68CD5595E8AD}.Debug|Any CPU.ActiveCfg = Debug|Any CPU
		{726D985A-8DBC-4FE5-ACD0-68CD5595E8AD}.Debug|Any CPU.Build.0 = Debug|Any CPU
		{726D985A-8DBC-4FE5-ACD0-68CD5595E8AD}.Release|Any CPU.ActiveCfg = Release|Any CPU
		{726D985A-8DBC-4FE5-ACD0-68CD5595E8AD}.Release|Any CPU.Build.0 = Release|Any CPU
	EndGlobalSection
	GlobalSection(SolutionProperties) = preSolution
		HideSolutionNode = FALSE
	EndGlobalSection
	GlobalSection(ExtensibilityGlobals) = postSolution
		SolutionGuid = {8D26E406-6BA8-4F57-81AB-62F4029F4E1D}
	EndGlobalSection
EndGlobal
